
Microsoft Visual Studio Solution File, Format Version 12.00
# Visual Studio Version 16
VisualStudioVersion = 16.0.30204.135
MinimumVisualStudioVersion = 10.0.40219.1
Project("{9A19103F-16F7-4668-BE54-9A1E7A4F7556}") = "Servr IntegrateX", "BDM Core\Servr IntegrateX.csproj", "{AB15200C-EB23-4D33-BAD7-59DD4D705422}"
	ProjectSection(ProjectDependencies) = postProject
		{0CD49DF5-0C80-46E4-86D3-C6ADD4AF1C0B} = {0CD49DF5-0C80-46E4-86D3-C6ADD4AF1C0B}
	EndProjectSection
EndProject
Project("{9A19103F-16F7-4668-BE54-9A1E7A4F7556}") = "BDU.ViewModels", "DBU.ViewModels\BDU.ViewModels.csproj", "{9FE97BE9-570D-4B57-8644-C0FBAA385007}"
EndProject
Project("{9A19103F-16F7-4668-BE54-9A1E7A4F7556}") = "BDU.UTIL", "DBU.UTIL\BDU.UTIL.csproj", "{14570F1E-ED6B-464D-8172-6410AE590DB7}"
EndProject
Project("{9A19103F-16F7-4668-BE54-9A1E7A4F7556}") = "BDU.Services", "BDU.Services\BDU.Services.csproj", "{B4667B20-D9CD-46D7-965E-7988B76C2678}"
EndProject
Project("{9A19103F-16F7-4668-BE54-9A1E7A4F7556}") = "BDU.Interfaces", "DBU.CoreInterfaces\BDU.Interfaces.csproj", "{0CD49DF5-0C80-46E4-86D3-C6ADD4AF1C0B}"
EndProject
Project("{2150E333-8FDC-42A3-9474-1A3956D46DE8}") = "RobotAutoApp", "RobotAutoApp", "{A251ADB0-C664-4875-930A-E7ABFAD1ACE7}"
EndProject
Project("{9A19103F-16F7-4668-BE54-9A1E7A4F7556}") = "Hooks-Lib", "RobotAutoApp\Hooks-Lib\Hooks-Lib.csproj", "{C5A0D32A-BF03-4D0D-A43C-F642DDD07547}"
EndProject
Project("{9A19103F-16F7-4668-BE54-9A1E7A4F7556}") = "BDU.RobotWeb", "BDU.RobotWeb\BDU.RobotWeb.csproj", "{079E8EC2-2572-488F-8C87-8184229358AF}"
EndProject
Project("{9A19103F-16F7-4668-BE54-9A1E7A4F7556}") = "BDU.RobotDesktop", "RobotAutoApp\BDU.RobotDesktop\BDU.RobotDesktop.csproj", "{FA19671C-89DE-4C9F-8812-9DB34110D93E}"
EndProject
Project("{2150E333-8FDC-42A3-9474-1A3956D46DE8}") = "Solution Items", "Solution Items", "{24E707EA-2AF3-45FF-A33F-EC8ABF816165}"
	ProjectSection(SolutionItems) = preProject
		.editorconfig = .editorconfig
	EndProjectSection
EndProject
Project("{9A19103F-16F7-4668-BE54-9A1E7A4F7556}") = "BDU.Extensions", "ToggleSwitch\BDU.Extensions.csproj", "{ABBAD082-15DC-4A1A-967A-8D90D9F7DB17}"
EndProject
Global
	GlobalSection(SolutionConfigurationPlatforms) = preSolution
		Debug|Any CPU = Debug|Any CPU
		Debug|x64 = Debug|x64
		Debug|x86 = Debug|x86
		Release|Any CPU = Release|Any CPU
		Release|x64 = Release|x64
		Release|x86 = Release|x86
	EndGlobalSection
	GlobalSection(ProjectConfigurationPlatforms) = postSolution
		{AB15200C-EB23-4D33-BAD7-59DD4D705422}.Debug|Any CPU.ActiveCfg = Debug|Any CPU
		{AB15200C-EB23-4D33-BAD7-59DD4D705422}.Debug|Any CPU.Build.0 = Debug|Any CPU
		{AB15200C-EB23-4D33-BAD7-59DD4D705422}.Debug|x64.ActiveCfg = Debug|Any CPU
		{AB15200C-EB23-4D33-BAD7-59DD4D705422}.Debug|x64.Build.0 = Debug|Any CPU
		{AB15200C-EB23-4D33-BAD7-59DD4D705422}.Debug|x86.ActiveCfg = Debug|Any CPU
		{AB15200C-EB23-4D33-BAD7-59DD4D705422}.Debug|x86.Build.0 = Debug|Any CPU
		{AB15200C-EB23-4D33-BAD7-59DD4D705422}.Release|Any CPU.ActiveCfg = Release|Any CPU
		{AB15200C-EB23-4D33-BAD7-59DD4D705422}.Release|Any CPU.Build.0 = Release|Any CPU
		{AB15200C-EB23-4D33-BAD7-59DD4D705422}.Release|x64.ActiveCfg = Release|Any CPU
		{AB15200C-EB23-4D33-BAD7-59DD4D705422}.Release|x64.Build.0 = Release|Any CPU
		{AB15200C-EB23-4D33-BAD7-59DD4D705422}.Release|x86.ActiveCfg = Release|Any CPU
		{AB15200C-EB23-4D33-BAD7-59DD4D705422}.Release|x86.Build.0 = Release|Any CPU
		{9FE97BE9-570D-4B57-8644-C0FBAA385007}.Debug|Any CPU.ActiveCfg = Debug|Any CPU
		{9FE97BE9-570D-4B57-8644-C0FBAA385007}.Debug|Any CPU.Build.0 = Debug|Any CPU
		{9FE97BE9-570D-4B57-8644-C0FBAA385007}.Debug|x64.ActiveCfg = Debug|Any CPU
		{9FE97BE9-570D-4B57-8644-C0FBAA385007}.Debug|x64.Build.0 = Debug|Any CPU
		{9FE97BE9-570D-4B57-8644-C0FBAA385007}.Debug|x86.ActiveCfg = Debug|Any CPU
		{9FE97BE9-570D-4B57-8644-C0FBAA385007}.Debug|x86.Build.0 = Debug|Any CPU
		{9FE97BE9-570D-4B57-8644-C0FBAA385007}.Release|Any CPU.ActiveCfg = Release|Any CPU
		{9FE97BE9-570D-4B57-8644-C0FBAA385007}.Release|Any CPU.Build.0 = Release|Any CPU
		{9FE97BE9-570D-4B57-8644-C0FBAA385007}.Release|x64.ActiveCfg = Release|Any CPU
		{9FE97BE9-570D-4B57-8644-C0FBAA385007}.Release|x64.Build.0 = Release|Any CPU
		{9FE97BE9-570D-4B57-8644-C0FBAA385007}.Release|x86.ActiveCfg = Release|Any CPU
		{9FE97BE9-570D-4B57-8644-C0FBAA385007}.Release|x86.Build.0 = Release|Any CPU
		{14570F1E-ED6B-464D-8172-6410AE590DB7}.Debug|Any CPU.ActiveCfg = Debug|Any CPU
		{14570F1E-ED6B-464D-8172-6410AE590DB7}.Debug|Any CPU.Build.0 = Debug|Any CPU
		{14570F1E-ED6B-464D-8172-6410AE590DB7}.Debug|x64.ActiveCfg = Debug|Any CPU
		{14570F1E-ED6B-464D-8172-6410AE590DB7}.Debug|x64.Build.0 = Debug|Any CPU
		{14570F1E-ED6B-464D-8172-6410AE590DB7}.Debug|x86.ActiveCfg = Debug|Any CPU
		{14570F1E-ED6B-464D-8172-6410AE590DB7}.Debug|x86.Build.0 = Debug|Any CPU
		{14570F1E-ED6B-464D-8172-6410AE590DB7}.Release|Any CPU.ActiveCfg = Release|Any CPU
		{14570F1E-ED6B-464D-8172-6410AE590DB7}.Release|Any CPU.Build.0 = Release|Any CPU
		{14570F1E-ED6B-464D-8172-6410AE590DB7}.Release|x64.ActiveCfg = Release|Any CPU
		{14570F1E-ED6B-464D-8172-6410AE590DB7}.Release|x64.Build.0 = Release|Any CPU
		{14570F1E-ED6B-464D-8172-6410AE590DB7}.Release|x86.ActiveCfg = Release|Any CPU
		{14570F1E-ED6B-464D-8172-6410AE590DB7}.Release|x86.Build.0 = Release|Any CPU
		{B4667B20-D9CD-46D7-965E-7988B76C2678}.Debug|Any CPU.ActiveCfg = Debug|Any CPU
		{B4667B20-D9CD-46D7-965E-7988B76C2678}.Debug|Any CPU.Build.0 = Debug|Any CPU
		{B4667B20-D9CD-46D7-965E-7988B76C2678}.Debug|x64.ActiveCfg = Debug|Any CPU
		{B4667B20-D9CD-46D7-965E-7988B76C2678}.Debug|x64.Build.0 = Debug|Any CPU
		{B4667B20-D9CD-46D7-965E-7988B76C2678}.Debug|x86.ActiveCfg = Debug|Any CPU
		{B4667B20-D9CD-46D7-965E-7988B76C2678}.Debug|x86.Build.0 = Debug|Any CPU
		{B4667B20-D9CD-46D7-965E-7988B76C2678}.Release|Any CPU.ActiveCfg = Release|Any CPU
		{B4667B20-D9CD-46D7-965E-7988B76C2678}.Release|Any CPU.Build.0 = Release|Any CPU
		{B4667B20-D9CD-46D7-965E-7988B76C2678}.Release|x64.ActiveCfg = Release|Any CPU
		{B4667B20-D9CD-46D7-965E-7988B76C2678}.Release|x64.Build.0 = Release|Any CPU
		{B4667B20-D9CD-46D7-965E-7988B76C2678}.Release|x86.ActiveCfg = Release|Any CPU
		{B4667B20-D9CD-46D7-965E-7988B76C2678}.Release|x86.Build.0 = Release|Any CPU
		{0CD49DF5-0C80-46E4-86D3-C6ADD4AF1C0B}.Debug|Any CPU.ActiveCfg = Debug|Any CPU
		{0CD49DF5-0C80-46E4-86D3-C6ADD4AF1C0B}.Debug|Any CPU.Build.0 = Debug|Any CPU
		{0CD49DF5-0C80-46E4-86D3-C6ADD4AF1C0B}.Debug|x64.ActiveCfg = Debug|Any CPU
		{0CD49DF5-0C80-46E4-86D3-C6ADD4AF1C0B}.Debug|x64.Build.0 = Debug|Any CPU
		{0CD49DF5-0C80-46E4-86D3-C6ADD4AF1C0B}.Debug|x86.ActiveCfg = Debug|Any CPU
		{0CD49DF5-0C80-46E4-86D3-C6ADD4AF1C0B}.Debug|x86.Build.0 = Debug|Any CPU
		{0CD49DF5-0C80-46E4-86D3-C6ADD4AF1C0B}.Release|Any CPU.ActiveCfg = Release|Any CPU
		{0CD49DF5-0C80-46E4-86D3-C6ADD4AF1C0B}.Release|Any CPU.Build.0 = Release|Any CPU
		{0CD49DF5-0C80-46E4-86D3-C6ADD4AF1C0B}.Release|x64.ActiveCfg = Release|Any CPU
		{0CD49DF5-0C80-46E4-86D3-C6ADD4AF1C0B}.Release|x64.Build.0 = Release|Any CPU
		{0CD49DF5-0C80-46E4-86D3-C6ADD4AF1C0B}.Release|x86.ActiveCfg = Release|Any CPU
		{0CD49DF5-0C80-46E4-86D3-C6ADD4AF1C0B}.Release|x86.Build.0 = Release|Any CPU
		{C5A0D32A-BF03-4D0D-A43C-F642DDD07547}.Debug|Any CPU.ActiveCfg = Debug|Any CPU
		{C5A0D32A-BF03-4D0D-A43C-F642DDD07547}.Debug|Any CPU.Build.0 = Debug|Any CPU
		{C5A0D32A-BF03-4D0D-A43C-F642DDD07547}.Debug|x64.ActiveCfg = Debug|Any CPU
		{C5A0D32A-BF03-4D0D-A43C-F642DDD07547}.Debug|x64.Build.0 = Debug|Any CPU
		{C5A0D32A-BF03-4D0D-A43C-F642DDD07547}.Debug|x86.ActiveCfg = Debug|Any CPU
		{C5A0D32A-BF03-4D0D-A43C-F642DDD07547}.Debug|x86.Build.0 = Debug|Any CPU
		{C5A0D32A-BF03-4D0D-A43C-F642DDD07547}.Release|Any CPU.ActiveCfg = Release|Any CPU
		{C5A0D32A-BF03-4D0D-A43C-F642DDD07547}.Release|Any CPU.Build.0 = Release|Any CPU
		{C5A0D32A-BF03-4D0D-A43C-F642DDD07547}.Release|x64.ActiveCfg = Release|Any CPU
		{C5A0D32A-BF03-4D0D-A43C-F642DDD07547}.Release|x64.Build.0 = Release|Any CPU
		{C5A0D32A-BF03-4D0D-A43C-F642DDD07547}.Release|x86.ActiveCfg = Release|Any CPU
		{C5A0D32A-BF03-4D0D-A43C-F642DDD07547}.Release|x86.Build.0 = Release|Any CPU
		{079E8EC2-2572-488F-8C87-8184229358AF}.Debug|Any CPU.ActiveCfg = Debug|Any CPU
		{079E8EC2-2572-488F-8C87-8184229358AF}.Debug|Any CPU.Build.0 = Debug|Any CPU
		{079E8EC2-2572-488F-8C87-8184229358AF}.Debug|x64.ActiveCfg = Debug|Any CPU
		{079E8EC2-2572-488F-8C87-8184229358AF}.Debug|x64.Build.0 = Debug|Any CPU
		{079E8EC2-2572-488F-8C87-8184229358AF}.Debug|x86.ActiveCfg = Debug|Any CPU
		{079E8EC2-2572-488F-8C87-8184229358AF}.Debug|x86.Build.0 = Debug|Any CPU
		{079E8EC2-2572-488F-8C87-8184229358AF}.Release|Any CPU.ActiveCfg = Release|Any CPU
		{079E8EC2-2572-488F-8C87-8184229358AF}.Release|Any CPU.Build.0 = Release|Any CPU
		{079E8EC2-2572-488F-8C87-8184229358AF}.Release|x64.ActiveCfg = Release|Any CPU
		{079E8EC2-2572-488F-8C87-8184229358AF}.Release|x64.Build.0 = Release|Any CPU
		{079E8EC2-2572-488F-8C87-8184229358AF}.Release|x86.ActiveCfg = Release|Any CPU
		{079E8EC2-2572-488F-8C87-8184229358AF}.Release|x86.Build.0 = Release|Any CPU
		{FA19671C-89DE-4C9F-8812-9DB34110D93E}.Debug|Any CPU.ActiveCfg = Debug|Any CPU
		{FA19671C-89DE-4C9F-8812-9DB34110D93E}.Debug|Any CPU.Build.0 = Debug|Any CPU
		{FA19671C-89DE-4C9F-8812-9DB34110D93E}.Debug|x64.ActiveCfg = Debug|Any CPU
		{FA19671C-89DE-4C9F-8812-9DB34110D93E}.Debug|x64.Build.0 = Debug|Any CPU
		{FA19671C-89DE-4C9F-8812-9DB34110D93E}.Debug|x86.ActiveCfg = Debug|Any CPU
		{FA19671C-89DE-4C9F-8812-9DB34110D93E}.Debug|x86.Build.0 = Debug|Any CPU
		{FA19671C-89DE-4C9F-8812-9DB34110D93E}.Release|Any CPU.ActiveCfg = Release|Any CPU
		{FA19671C-89DE-4C9F-8812-9DB34110D93E}.Release|Any CPU.Build.0 = Release|Any CPU
		{FA19671C-89DE-4C9F-8812-9DB34110D93E}.Release|x64.ActiveCfg = Release|Any CPU
		{FA19671C-89DE-4C9F-8812-9DB34110D93E}.Release|x64.Build.0 = Release|Any CPU
		{FA19671C-89DE-4C9F-8812-9DB34110D93E}.Release|x86.ActiveCfg = Release|Any CPU
		{FA19671C-89DE-4C9F-8812-9DB34110D93E}.Release|x86.Build.0 = Release|Any CPU
		{ABBAD082-15DC-4A1A-967A-8D90D9F7DB17}.Debug|Any CPU.ActiveCfg = Debug|Any CPU
		{ABBAD082-15DC-4A1A-967A-8D90D9F7DB17}.Debug|Any CPU.Build.0 = Debug|Any CPU
		{ABBAD082-15DC-4A1A-967A-8D90D9F7DB17}.Debug|x64.ActiveCfg = Debug|Any CPU
		{ABBAD082-15DC-4A1A-967A-8D90D9F7DB17}.Debug|x64.Build.0 = Debug|Any CPU
		{ABBAD082-15DC-4A1A-967A-8D90D9F7DB17}.Debug|x86.ActiveCfg = Debug|Any CPU
		{ABBAD082-15DC-4A1A-967A-8D90D9F7DB17}.Debug|x86.Build.0 = Debug|Any CPU
		{ABBAD082-15DC-4A1A-967A-8D90D9F7DB17}.Release|Any CPU.ActiveCfg = Release|Any CPU
		{ABBAD082-15DC-4A1A-967A-8D90D9F7DB17}.Release|Any CPU.Build.0 = Release|Any CPU
		{ABBAD082-15DC-4A1A-967A-8D90D9F7DB17}.Release|x64.ActiveCfg = Release|Any CPU
		{ABBAD082-15DC-4A1A-967A-8D90D9F7DB17}.Release|x64.Build.0 = Release|Any CPU
		{ABBAD082-15DC-4A1A-967A-8D90D9F7DB17}.Release|x86.ActiveCfg = Release|Any CPU
		{ABBAD082-15DC-4A1A-967A-8D90D9F7DB17}.Release|x86.Build.0 = Release|Any CPU
	EndGlobalSection
	GlobalSection(SolutionProperties) = preSolution
		HideSolutionNode = FALSE
	EndGlobalSection
	GlobalSection(NestedProjects) = preSolution
		{C5A0D32A-BF03-4D0D-A43C-F642DDD07547} = {A251ADB0-C664-4875-930A-E7ABFAD1ACE7}
		{079E8EC2-2572-488F-8C87-8184229358AF} = {A251ADB0-C664-4875-930A-E7ABFAD1ACE7}
		{FA19671C-89DE-4C9F-8812-9DB34110D93E} = {A251ADB0-C664-4875-930A-E7ABFAD1ACE7}
	EndGlobalSection
	GlobalSection(ExtensibilityGlobals) = postSolution
		SolutionGuid = {AB28E262-158F-464D-9AA3-7660943CA56F}
	EndGlobalSection
EndGlobal
